
Microsoft Visual Studio Solution File, Format Version 12.00
# Visual Studio Version 17
VisualStudioVersion = 17.11.35208.52
MinimumVisualStudioVersion = 10.0.40219.1
Project("{FAE04EC0-301F-11D3-BF4B-00C04F79EFBC}") = "trianguloCalcular", "trianguloCalcular\trianguloCalcular.csproj", "{9227E19F-29EC-41E9-BF59-5BDA62E8ABB7}"
EndProject
Project("{FAE04EC0-301F-11D3-BF4B-00C04F79EFBC}") = "cojuntoDeNumero", "cojuntoDeNumero\cojuntoDeNumero.csproj", "{4447081B-6C88-4FB6-ACF0-A97EFDCF65BF}"
EndProject
Project("{FAE04EC0-301F-11D3-BF4B-00C04F79EFBC}") = "sumaDeNumero", "sumaDeNumero\sumaDeNumero.csproj", "{32B0375D-4DA2-4795-9C07-28DB5D3CD5A3}"
EndProject
Global
	GlobalSection(SolutionConfigurationPlatforms) = preSolution
		Debug|Any CPU = Debug|Any CPU
		Release|Any CPU = Release|Any CPU
	EndGlobalSection
	GlobalSection(ProjectConfigurationPlatforms) = postSolution
		{9227E19F-29EC-41E9-BF59-5BDA62E8ABB7}.Debug|Any CPU.ActiveCfg = Debug|Any CPU
		{9227E19F-29EC-41E9-BF59-5BDA62E8ABB7}.Debug|Any CPU.Build.0 = Debug|Any CPU
		{9227E19F-29EC-41E9-BF59-5BDA62E8ABB7}.Release|Any CPU.ActiveCfg = Release|Any CPU
		{9227E19F-29EC-41E9-BF59-5BDA62E8ABB7}.Release|Any CPU.Build.0 = Release|Any CPU
		{4447081B-6C88-4FB6-ACF0-A97EFDCF65BF}.Debug|Any CPU.ActiveCfg = Debug|Any CPU
		{4447081B-6C88-4FB6-ACF0-A97EFDCF65BF}.Debug|Any CPU.Build.0 = Debug|Any CPU
		{4447081B-6C88-4FB6-ACF0-A97EFDCF65BF}.Release|Any CPU.ActiveCfg = Release|Any CPU
		{4447081B-6C88-4FB6-ACF0-A97EFDCF65BF}.Release|Any CPU.Build.0 = Release|Any CPU
		{32B0375D-4DA2-4795-9C07-28DB5D3CD5A3}.Debug|Any CPU.ActiveCfg = Debug|Any CPU
		{32B0375D-4DA2-4795-9C07-28DB5D3CD5A3}.Debug|Any CPU.Build.0 = Debug|Any CPU
		{32B0375D-4DA2-4795-9C07-28DB5D3CD5A3}.Release|Any CPU.ActiveCfg = Release|Any CPU
		{32B0375D-4DA2-4795-9C07-28DB5D3CD5A3}.Release|Any CPU.Build.0 = Release|Any CPU
	EndGlobalSection
	GlobalSection(SolutionProperties) = preSolution
		HideSolutionNode = FALSE
	EndGlobalSection
	GlobalSection(ExtensibilityGlobals) = postSolution
		SolutionGuid = {698D00BB-9B7C-4CE5-9CC3-A6B7269AB0F6}
	EndGlobalSection
EndGlobal
